
Microsoft Visual Studio Solution File, Format Version 12.00
# Visual Studio 15
VisualStudioVersion = 15.0.27703.2035
MinimumVisualStudioVersion = 10.0.40219.1
Project("{FAE04EC0-301F-11D3-BF4B-00C04F79EFBC}") = "TopRecords", "TopRecords\TopRecords.csproj", "{4CD3709F-6F13-4D39-A8AE-55ACD60CBA4C}"
EndProject
Global
	GlobalSection(SolutionConfigurationPlatforms) = preSolution
		Debug|Any CPU = Debug|Any CPU
		Release|Any CPU = Release|Any CPU
	EndGlobalSection
	GlobalSection(ProjectConfigurationPlatforms) = postSolution
		{4CD3709F-6F13-4D39-A8AE-55ACD60CBA4C}.Debug|Any CPU.ActiveCfg = Debug|Any CPU
		{4CD3709F-6F13-4D39-A8AE-55ACD60CBA4C}.Debug|Any CPU.Build.0 = Debug|Any CPU
		{4CD3709F-6F13-4D39-A8AE-55ACD60CBA4C}.Release|Any CPU.ActiveCfg = Release|Any CPU
		{4CD3709F-6F13-4D39-A8AE-55ACD60CBA4C}.Release|Any CPU.Build.0 = Release|Any CPU
	EndGlobalSection
	GlobalSection(SolutionProperties) = preSolution
		HideSolutionNode = FALSE
	EndGlobalSection
	GlobalSection(ExtensibilityGlobals) = postSolution
		SolutionGuid = {61DDE7BE-1649-431C-B056-86FB27F765D2}
	EndGlobalSection
EndGlobal
